
Microsoft Visual Studio Solution File, Format Version 12.00
# Visual Studio Version 17
VisualStudioVersion = 17.3.32819.101
MinimumVisualStudioVersion = 10.0.40219.1
Project("{9A19103F-16F7-4668-BE54-9A1E7A4F7556}") = "IZavarykInIA", "IZavarykInIA\IZavarykInIA.csproj", "{DB84397C-B029-410E-B274-0E50A23299BC}"
EndProject
Global
	GlobalSection(SolutionConfigurationPlatforms) = preSolution
		Debug|Any CPU = Debug|Any CPU
		Release|Any CPU = Release|Any CPU
	EndGlobalSection
	GlobalSection(ProjectConfigurationPlatforms) = postSolution
		{DB84397C-B029-410E-B274-0E50A23299BC}.Debug|Any CPU.ActiveCfg = Debug|Any CPU
		{DB84397C-B029-410E-B274-0E50A23299BC}.Debug|Any CPU.Build.0 = Debug|Any CPU
		{DB84397C-B029-410E-B274-0E50A23299BC}.Release|Any CPU.ActiveCfg = Release|Any CPU
		{DB84397C-B029-410E-B274-0E50A23299BC}.Release|Any CPU.Build.0 = Release|Any CPU
	EndGlobalSection
	GlobalSection(SolutionProperties) = preSolution
		HideSolutionNode = FALSE
	EndGlobalSection
	GlobalSection(ExtensibilityGlobals) = postSolution
		SolutionGuid = {23C74A10-8FAF-4A82-9E73-1AD10B71D742}
	EndGlobalSection
EndGlobal
